<?xml version="1.0" encoding="utf-8"?>
<Project ToolsVersion="17.0" xmlns="http://schemas.microsoft.com/developer/msbuild/2003">
  <ItemGroup>
    <CustomBuild Include="C:\Users\Marcus\Documents\GitHub\Zephyr-drone\OptiTrack\CMakeFiles\9dac951e1f48b8eba99b11962dda1cc4\generate.stamp.rule">
      <Filter>CMake Rules</Filter>
    </CustomBuild>
  </ItemGroup>
  <ItemGroup>
    <Filter Include="CMake Rules">
      <UniqueIdentifier>{58C3162B-D41A-3F91-9316-78C7A3AAB870}</UniqueIdentifier>
    </Filter>
  </ItemGroup>
</Project>
